{
  "name": "ebs_snapshot_lambda",
  "version": "0.1.0",
  "lockfileVersion": 1,
  "requires": true,
  "dependencies": {
    "bluebird": {
      "version": "3.4.1",
      "resolved": "https://registry.npmjs.org/bluebird/-/bluebird-3.4.1.tgz",
      "integrity": "sha1-tzHd9I4t077awudeEhWhG8uR+gc="
    }
  }
}
